{
  "name": "@samakia/agent-core",
  "version": "5.0.0",
  "lockfileVersion": 3,
  "requires": true,
  "packages": {
    "": {
      "name": "@samakia/agent-core",
      "version": "5.0.0",
      "license": "MIT",
      "dependencies": {
        "@samakia/logger": "^1.0.0"
      },
      "bin": {
        "samakia-agent": "bin/samakia-agent.mjs"
      }
    },
    "node_modules/@samakia/logger": {
      "version": "1.0.0",
      "resolved": "http://registry.samakia.net/@samakia/logger/-/logger-1.0.0.tgz",
      "integrity": "sha512-zZjBPgqL3sQWLD3IB3RpreYoqgk8/i9uRu4RL7aoLj897/n5TFApSwyAw7uI2Z/UxCnQKIPTprX71SqZr0rh1Q==",
      "license": "MIT"
    }
  }
}
